// !$*UTF8*$!
{
	archiveVersion = 1;
	classes = {
	};
	objectVersion = 55;
	objects = {

/* Begin PBXBuildFile section */
		9E18B0D62816D40300B95251 /* Project.swift in Sources */ = {isa = PBXBuildFile; fileRef = 9E18B0D52816D40300B95251 /* Project.swift */; };
		9E18B0D82816D49100B95251 /* ProjectView.swift in Sources */ = {isa = PBXBuildFile; fileRef = 9E18B0D72816D49100B95251 /* ProjectView.swift */; };
		9E18B0DA2816D94600B95251 /* ProjectsView.swift in Sources */ = {isa = PBXBuildFile; fileRef = 9E18B0D92816D94600B95251 /* ProjectsView.swift */; };
		9E4B653A281E18AB0071CC53 /* AppThemeViewModel.swift in Sources */ = {isa = PBXBuildFile; fileRef = 9E4B6539281E18AB0071CC53 /* AppThemeViewModel.swift */; };
		9E5B973E290717BC0035E512 /* Color.swift in Sources */ = {isa = PBXBuildFile; fileRef = 9E5B973D290717BC0035E512 /* Color.swift */; };
		9EC45A03281B38B200C42918 /* Assets.xcassets in Resources */ = {isa = PBXBuildFile; fileRef = 9EC45A02281B38B200C42918 /* Assets.xcassets */; };
		9EC45A07281B47D900C42918 /* ProjectDescriptionView.swift in Sources */ = {isa = PBXBuildFile; fileRef = 9EC45A06281B47D900C42918 /* ProjectDescriptionView.swift */; };
		9EC45A09281B491400C42918 /* ProjectDescriptionHeaderView.swift in Sources */ = {isa = PBXBuildFile; fileRef = 9EC45A08281B491400C42918 /* ProjectDescriptionHeaderView.swift */; };
		9EC45A0B281B4C0D00C42918 /* ProjectDescriptionBodyView.swift in Sources */ = {isa = PBXBuildFile; fileRef = 9EC45A0A281B4C0D00C42918 /* ProjectDescriptionBodyView.swift */; };
		9EDB2E1A2815E0000068F325 /* PortfolioApp.swift in Sources */ = {isa = PBXBuildFile; fileRef = 9EDB2E192815E0000068F325 /* PortfolioApp.swift */; };
		9EDB2E1C2815E0000068F325 /* ContentView.swift in Sources */ = {isa = PBXBuildFile; fileRef = 9EDB2E1B2815E0000068F325 /* ContentView.swift */; };
		9EDB2E212815E0020068F325 /* Preview Assets.xcassets in Resources */ = {isa = PBXBuildFile; fileRef = 9EDB2E202815E0020068F325 /* Preview Assets.xcassets */; };
		9EDB2E232815E0020068F325 /* Persistence.swift in Sources */ = {isa = PBXBuildFile; fileRef = 9EDB2E222815E0020068F325 /* Persistence.swift */; };
		9EDB2E262815E0020068F325 /* Portfolio.xcdatamodeld in Sources */ = {isa = PBXBuildFile; fileRef = 9EDB2E242815E0020068F325 /* Portfolio.xcdatamodeld */; };
		9EDB2E302815E0020068F325 /* PortfolioTests.swift in Sources */ = {isa = PBXBuildFile; fileRef = 9EDB2E2F2815E0020068F325 /* PortfolioTests.swift */; };
		9EDB2E3A2815E0020068F325 /* PortfolioUITests.swift in Sources */ = {isa = PBXBuildFile; fileRef = 9EDB2E392815E0020068F325 /* PortfolioUITests.swift */; };
		9EDB2E3C2815E0020068F325 /* PortfolioUITestsLaunchTests.swift in Sources */ = {isa = PBXBuildFile; fileRef = 9EDB2E3B2815E0020068F325 /* PortfolioUITestsLaunchTests.swift */; };
		9EDB2E4C2815E17E0068F325 /* Skill.swift in Sources */ = {isa = PBXBuildFile; fileRef = 9EDB2E4B2815E17E0068F325 /* Skill.swift */; };
		9EDB2E4E2815E5190068F325 /* Experience.swift in Sources */ = {isa = PBXBuildFile; fileRef = 9EDB2E4D2815E5190068F325 /* Experience.swift */; };
		9EDB2E502815E6130068F325 /* Portfolio.swift in Sources */ = {isa = PBXBuildFile; fileRef = 9EDB2E4F2815E6130068F325 /* Portfolio.swift */; };
		9EDB2E532815E6C90068F325 /* AppModel.swift in Sources */ = {isa = PBXBuildFile; fileRef = 9EDB2E522815E6C90068F325 /* AppModel.swift */; };
		9EDB2E582815E8900068F325 /* icons8-swiftui-150(@3x).png in Resources */ = {isa = PBXBuildFile; fileRef = 9EDB2E552815E88F0068F325 /* icons8-swiftui-150(@3x).png */; };
		9EDB2E592815E8900068F325 /* icons8-swiftui-100(@2x).png in Resources */ = {isa = PBXBuildFile; fileRef = 9EDB2E562815E88F0068F325 /* icons8-swiftui-100(@2x).png */; };
		9EDB2E5A2815E8900068F325 /* icons8-swiftui-50(@1x).png in Resources */ = {isa = PBXBuildFile; fileRef = 9EDB2E572815E88F0068F325 /* icons8-swiftui-50(@1x).png */; };
		9EDB2E5E2815EE400068F325 /* PortfolioView.swift in Sources */ = {isa = PBXBuildFile; fileRef = 9EDB2E5D2815EE400068F325 /* PortfolioView.swift */; };
		9EDB2E602815F0730068F325 /* HeaderView.swift in Sources */ = {isa = PBXBuildFile; fileRef = 9EDB2E5F2815F0730068F325 /* HeaderView.swift */; };
		9EDB2E622815F8B90068F325 /* SkillView.swift in Sources */ = {isa = PBXBuildFile; fileRef = 9EDB2E612815F8B90068F325 /* SkillView.swift */; };
		9EDB2E642815FCA10068F325 /* SkillsView.swift in Sources */ = {isa = PBXBuildFile; fileRef = 9EDB2E632815FCA10068F325 /* SkillsView.swift */; };
		9EDB2E66281610430068F325 /* ExperienceView.swift in Sources */ = {isa = PBXBuildFile; fileRef = 9EDB2E65281610430068F325 /* ExperienceView.swift */; };
		9EDB2E68281625FB0068F325 /* ExperiencesView.swift in Sources */ = {isa = PBXBuildFile; fileRef = 9EDB2E67281625FB0068F325 /* ExperiencesView.swift */; };
		9EE328E2294DF6E8004AF53C /* codemagic.yaml in Resources */ = {isa = PBXBuildFile; fileRef = 9EE328E1294DF6E8004AF53C /* codemagic.yaml */; };
		9EEFCC812819E55000CE85C8 /* CustomEnvironmentKeys.swift in Sources */ = {isa = PBXBuildFile; fileRef = 9EEFCC802819E55000CE85C8 /* CustomEnvironmentKeys.swift */; };
		9EF5F49C281AC84100310EFC /* Kingfisher in Frameworks */ = {isa = PBXBuildFile; productRef = 9EF5F49B281AC84100310EFC /* Kingfisher */; };
		9EF5F4A0281B0EE800310EFC /* GifImage.swift in Sources */ = {isa = PBXBuildFile; fileRef = 9EF5F49F281B0EE800310EFC /* GifImage.swift */; };
/* End PBXBuildFile section */

/* Begin PBXContainerItemProxy section */
		9EDB2E2C2815E0020068F325 /* PBXContainerItemProxy */ = {
			isa = PBXContainerItemProxy;
			containerPortal = 9EDB2E0E2815E0000068F325 /* Project object */;
			proxyType = 1;
			remoteGlobalIDString = 9EDB2E152815E0000068F325;
			remoteInfo = Portfolio;
		};
		9EDB2E362815E0020068F325 /* PBXContainerItemProxy */ = {
			isa = PBXContainerItemProxy;
			containerPortal = 9EDB2E0E2815E0000068F325 /* Project object */;
			proxyType = 1;
			remoteGlobalIDString = 9EDB2E152815E0000068F325;
			remoteInfo = Portfolio;
		};
/* End PBXContainerItemProxy section */

/* Begin PBXFileReference section */
		9E18B0D52816D40300B95251 /* Project.swift */ = {isa = PBXFileReference; lastKnownFileType = sourcecode.swift; path = Project.swift; sourceTree = "<group>"; };
		9E18B0D72816D49100B95251 /* ProjectView.swift */ = {isa = PBXFileReference; lastKnownFileType = sourcecode.swift; path = ProjectView.swift; sourceTree = "<group>"; };
		9E18B0D92816D94600B95251 /* ProjectsView.swift */ = {isa = PBXFileReference; lastKnownFileType = sourcecode.swift; path = ProjectsView.swift; sourceTree = "<group>"; };
		9E4B6539281E18AB0071CC53 /* AppThemeViewModel.swift */ = {isa = PBXFileReference; lastKnownFileType = sourcecode.swift; path = AppThemeViewModel.swift; sourceTree = "<group>"; };
		9E5B973D290717BC0035E512 /* Color.swift */ = {isa = PBXFileReference; lastKnownFileType = sourcecode.swift; path = Color.swift; sourceTree = "<group>"; };
		9EC45A02281B38B200C42918 /* Assets.xcassets */ = {isa = PBXFileReference; lastKnownFileType = folder.assetcatalog; path = Assets.xcassets; sourceTree = "<group>"; };
		9EC45A06281B47D900C42918 /* ProjectDescriptionView.swift */ = {isa = PBXFileReference; lastKnownFileType = sourcecode.swift; path = ProjectDescriptionView.swift; sourceTree = "<group>"; };
		9EC45A08281B491400C42918 /* ProjectDescriptionHeaderView.swift */ = {isa = PBXFileReference; lastKnownFileType = sourcecode.swift; path = ProjectDescriptionHeaderView.swift; sourceTree = "<group>"; };
		9EC45A0A281B4C0D00C42918 /* ProjectDescriptionBodyView.swift */ = {isa = PBXFileReference; lastKnownFileType = sourcecode.swift; path = ProjectDescriptionBodyView.swift; sourceTree = "<group>"; };
		9EDB2E162815E0000068F325 /* Portfolio.app */ = {isa = PBXFileReference; explicitFileType = wrapper.application; includeInIndex = 0; path = Portfolio.app; sourceTree = BUILT_PRODUCTS_DIR; };
		9EDB2E192815E0000068F325 /* PortfolioApp.swift */ = {isa = PBXFileReference; lastKnownFileType = sourcecode.swift; path = PortfolioApp.swift; sourceTree = "<group>"; };
		9EDB2E1B2815E0000068F325 /* ContentView.swift */ = {isa = PBXFileReference; lastKnownFileType = sourcecode.swift; path = ContentView.swift; sourceTree = "<group>"; };
		9EDB2E202815E0020068F325 /* Preview Assets.xcassets */ = {isa = PBXFileReference; lastKnownFileType = folder.assetcatalog; path = "Preview Assets.xcassets"; sourceTree = "<group>"; };
		9EDB2E222815E0020068F325 /* Persistence.swift */ = {isa = PBXFileReference; lastKnownFileType = sourcecode.swift; path = Persistence.swift; sourceTree = "<group>"; };
		9EDB2E252815E0020068F325 /* Portfolio.xcdatamodel */ = {isa = PBXFileReference; lastKnownFileType = wrapper.xcdatamodel; path = Portfolio.xcdatamodel; sourceTree = "<group>"; };
		9EDB2E2B2815E0020068F325 /* PortfolioTests.xctest */ = {isa = PBXFileReference; explicitFileType = wrapper.cfbundle; includeInIndex = 0; path = PortfolioTests.xctest; sourceTree = BUILT_PRODUCTS_DIR; };
		9EDB2E2F2815E0020068F325 /* PortfolioTests.swift */ = {isa = PBXFileReference; lastKnownFileType = sourcecode.swift; path = PortfolioTests.swift; sourceTree = "<group>"; };
		9EDB2E352815E0020068F325 /* PortfolioUITests.xctest */ = {isa = PBXFileReference; explicitFileType = wrapper.cfbundle; includeInIndex = 0; path = PortfolioUITests.xctest; sourceTree = BUILT_PRODUCTS_DIR; };
		9EDB2E392815E0020068F325 /* PortfolioUITests.swift */ = {isa = PBXFileReference; lastKnownFileType = sourcecode.swift; path = PortfolioUITests.swift; sourceTree = "<group>"; };
		9EDB2E3B2815E0020068F325 /* PortfolioUITestsLaunchTests.swift */ = {isa = PBXFileReference; lastKnownFileType = sourcecode.swift; path = PortfolioUITestsLaunchTests.swift; sourceTree = "<group>"; };
		9EDB2E4B2815E17E0068F325 /* Skill.swift */ = {isa = PBXFileReference; lastKnownFileType = sourcecode.swift; path = Skill.swift; sourceTree = "<group>"; };
		9EDB2E4D2815E5190068F325 /* Experience.swift */ = {isa = PBXFileReference; lastKnownFileType = sourcecode.swift; path = Experience.swift; sourceTree = "<group>"; };
		9EDB2E4F2815E6130068F325 /* Portfolio.swift */ = {isa = PBXFileReference; lastKnownFileType = sourcecode.swift; path = Portfolio.swift; sourceTree = "<group>"; };
		9EDB2E522815E6C90068F325 /* AppModel.swift */ = {isa = PBXFileReference; lastKnownFileType = sourcecode.swift; path = AppModel.swift; sourceTree = "<group>"; };
		9EDB2E552815E88F0068F325 /* icons8-swiftui-150(@3x).png */ = {isa = PBXFileReference; lastKnownFileType = image.png; path = "icons8-swiftui-150(@3x).png"; sourceTree = "<group>"; };
		9EDB2E562815E88F0068F325 /* icons8-swiftui-100(@2x).png */ = {isa = PBXFileReference; lastKnownFileType = image.png; path = "icons8-swiftui-100(@2x).png"; sourceTree = "<group>"; };
		9EDB2E572815E88F0068F325 /* icons8-swiftui-50(@1x).png */ = {isa = PBXFileReference; lastKnownFileType = image.png; path = "icons8-swiftui-50(@1x).png"; sourceTree = "<group>"; };
		9EDB2E5D2815EE400068F325 /* PortfolioView.swift */ = {isa = PBXFileReference; lastKnownFileType = sourcecode.swift; path = PortfolioView.swift; sourceTree = "<group>"; };
		9EDB2E5F2815F0730068F325 /* HeaderView.swift */ = {isa = PBXFileReference; lastKnownFileType = sourcecode.swift; path = HeaderView.swift; sourceTree = "<group>"; };
		9EDB2E612815F8B90068F325 /* SkillView.swift */ = {isa = PBXFileReference; lastKnownFileType = sourcecode.swift; path = SkillView.swift; sourceTree = "<group>"; };
		9EDB2E632815FCA10068F325 /* SkillsView.swift */ = {isa = PBXFileReference; lastKnownFileType = sourcecode.swift; path = SkillsView.swift; sourceTree = "<group>"; };
		9EDB2E65281610430068F325 /* ExperienceView.swift */ = {isa = PBXFileReference; lastKnownFileType = sourcecode.swift; path = ExperienceView.swift; sourceTree = "<group>"; };
		9EDB2E67281625FB0068F325 /* ExperiencesView.swift */ = {isa = PBXFileReference; lastKnownFileType = sourcecode.swift; path = ExperiencesView.swift; sourceTree = "<group>"; };
		9EE328E1294DF6E8004AF53C /* codemagic.yaml */ = {isa = PBXFileReference; lastKnownFileType = text.yaml; path = codemagic.yaml; sourceTree = "<group>"; };
		9EEFCC802819E55000CE85C8 /* CustomEnvironmentKeys.swift */ = {isa = PBXFileReference; lastKnownFileType = sourcecode.swift; path = CustomEnvironmentKeys.swift; sourceTree = "<group>"; };
		9EF5F49F281B0EE800310EFC /* GifImage.swift */ = {isa = PBXFileReference; lastKnownFileType = sourcecode.swift; path = GifImage.swift; sourceTree = "<group>"; };
/* End PBXFileReference section */

/* Begin PBXFrameworksBuildPhase section */
		9EDB2E132815E0000068F325 /* Frameworks */ = {
			isa = PBXFrameworksBuildPhase;
			buildActionMask = 2147483647;
			files = (
				9EF5F49C281AC84100310EFC /* Kingfisher in Frameworks */,
			);
			runOnlyForDeploymentPostprocessing = 0;
		};
		9EDB2E282815E0020068F325 /* Frameworks */ = {
			isa = PBXFrameworksBuildPhase;
			buildActionMask = 2147483647;
			files = (
			);
			runOnlyForDeploymentPostprocessing = 0;
		};
		9EDB2E322815E0020068F325 /* Frameworks */ = {
			isa = PBXFrameworksBuildPhase;
			buildActionMask = 2147483647;
			files = (
			);
			runOnlyForDeploymentPostprocessing = 0;
		};
/* End PBXFrameworksBuildPhase section */

/* Begin PBXGroup section */
		9E4B6538281E188D0071CC53 /* viewModel */ = {
			isa = PBXGroup;
			children = (
				9E4B6539281E18AB0071CC53 /* AppThemeViewModel.swift */,
			);
			path = viewModel;
			sourceTree = "<group>";
		};
		9E5B973C2907179B0035E512 /* Extensions */ = {
			isa = PBXGroup;
			children = (
				9E5B973D290717BC0035E512 /* Color.swift */,
			);
			path = Extensions;
			sourceTree = "<group>";
		};
		9EC45A04281B45FB00C42918 /* projectDescription */ = {
			isa = PBXGroup;
			children = (
				9EC45A05281B460C00C42918 /* view */,
			);
			path = projectDescription;
			sourceTree = "<group>";
		};
		9EC45A05281B460C00C42918 /* view */ = {
			isa = PBXGroup;
			children = (
				9EC45A06281B47D900C42918 /* ProjectDescriptionView.swift */,
				9EC45A08281B491400C42918 /* ProjectDescriptionHeaderView.swift */,
				9EC45A0A281B4C0D00C42918 /* ProjectDescriptionBodyView.swift */,
			);
			path = view;
			sourceTree = "<group>";
		};
		9EDB2E0D2815E0000068F325 = {
			isa = PBXGroup;
			children = (
				9EDB2E182815E0000068F325 /* Portfolio */,
				9EDB2E2E2815E0020068F325 /* PortfolioTests */,
				9EDB2E382815E0020068F325 /* PortfolioUITests */,
				9EDB2E172815E0000068F325 /* Products */,
			);
			sourceTree = "<group>";
		};
		9EDB2E172815E0000068F325 /* Products */ = {
			isa = PBXGroup;
			children = (
				9EDB2E162815E0000068F325 /* Portfolio.app */,
				9EDB2E2B2815E0020068F325 /* PortfolioTests.xctest */,
				9EDB2E352815E0020068F325 /* PortfolioUITests.xctest */,
			);
			name = Products;
			sourceTree = "<group>";
		};
		9EDB2E182815E0000068F325 /* Portfolio */ = {
			isa = PBXGroup;
			children = (
				9EC45A02281B38B200C42918 /* Assets.xcassets */,
				9EEFCC7E2819E51A00CE85C8 /* utils */,
				9EDB2E512815E6BD0068F325 /* service */,
				9EDB2E4A2815E1400068F325 /* model */,
				9EDB2E492815E0C90068F325 /* useCases */,
				9EDB2E482815E0730068F325 /* resources */,
				9EDB2E192815E0000068F325 /* PortfolioApp.swift */,
				9EDB2E1B2815E0000068F325 /* ContentView.swift */,
				9EDB2E222815E0020068F325 /* Persistence.swift */,
				9EDB2E242815E0020068F325 /* Portfolio.xcdatamodeld */,
				9EDB2E1F2815E0020068F325 /* Preview Content */,
				9EE328E1294DF6E8004AF53C /* codemagic.yaml */,
			);
			path = Portfolio;
			sourceTree = "<group>";
		};
		9EDB2E1F2815E0020068F325 /* Preview Content */ = {
			isa = PBXGroup;
			children = (
				9EDB2E202815E0020068F325 /* Preview Assets.xcassets */,
			);
			path = "Preview Content";
			sourceTree = "<group>";
		};
		9EDB2E2E2815E0020068F325 /* PortfolioTests */ = {
			isa = PBXGroup;
			children = (
				9EDB2E2F2815E0020068F325 /* PortfolioTests.swift */,
			);
			path = PortfolioTests;
			sourceTree = "<group>";
		};
		9EDB2E382815E0020068F325 /* PortfolioUITests */ = {
			isa = PBXGroup;
			children = (
				9EDB2E392815E0020068F325 /* PortfolioUITests.swift */,
				9EDB2E3B2815E0020068F325 /* PortfolioUITestsLaunchTests.swift */,
			);
			path = PortfolioUITests;
			sourceTree = "<group>";
		};
		9EDB2E482815E0730068F325 /* resources */ = {
			isa = PBXGroup;
			children = (
				9EDB2E542815E88F0068F325 /* SwiftUI-50-100-150px */,
			);
			path = resources;
			sourceTree = "<group>";
		};
		9EDB2E492815E0C90068F325 /* useCases */ = {
			isa = PBXGroup;
			children = (
				9EC45A04281B45FB00C42918 /* projectDescription */,
				9EDB2E5B2815EE160068F325 /* portfolio */,
			);
			path = useCases;
			sourceTree = "<group>";
		};
		9EDB2E4A2815E1400068F325 /* model */ = {
			isa = PBXGroup;
			children = (
				9EDB2E4B2815E17E0068F325 /* Skill.swift */,
				9EDB2E4D2815E5190068F325 /* Experience.swift */,
				9EDB2E4F2815E6130068F325 /* Portfolio.swift */,
				9E18B0D52816D40300B95251 /* Project.swift */,
			);
			path = model;
			sourceTree = "<group>";
		};
		9EDB2E512815E6BD0068F325 /* service */ = {
			isa = PBXGroup;
			children = (
				9EDB2E522815E6C90068F325 /* AppModel.swift */,
			);
			path = service;
			sourceTree = "<group>";
		};
		9EDB2E542815E88F0068F325 /* SwiftUI-50-100-150px */ = {
			isa = PBXGroup;
			children = (
				9EDB2E552815E88F0068F325 /* icons8-swiftui-150(@3x).png */,
				9EDB2E562815E88F0068F325 /* icons8-swiftui-100(@2x).png */,
				9EDB2E572815E88F0068F325 /* icons8-swiftui-50(@1x).png */,
			);
			name = "SwiftUI-50-100-150px";
			path = "../../../../../Downloads/SwiftUI-50-100-150px";
			sourceTree = "<group>";
		};
		9EDB2E5B2815EE160068F325 /* portfolio */ = {
			isa = PBXGroup;
			children = (
				9E4B6538281E188D0071CC53 /* viewModel */,
				9EDB2E5C2815EE2F0068F325 /* view */,
			);
			path = portfolio;
			sourceTree = "<group>";
		};
		9EDB2E5C2815EE2F0068F325 /* view */ = {
			isa = PBXGroup;
			children = (
				9EDB2E5D2815EE400068F325 /* PortfolioView.swift */,
				9EDB2E5F2815F0730068F325 /* HeaderView.swift */,
				9EDB2E612815F8B90068F325 /* SkillView.swift */,
				9EDB2E632815FCA10068F325 /* SkillsView.swift */,
				9EDB2E65281610430068F325 /* ExperienceView.swift */,
				9EDB2E67281625FB0068F325 /* ExperiencesView.swift */,
				9E18B0D72816D49100B95251 /* ProjectView.swift */,
				9E18B0D92816D94600B95251 /* ProjectsView.swift */,
			);
			path = view;
			sourceTree = "<group>";
		};
		9EEFCC7E2819E51A00CE85C8 /* utils */ = {
			isa = PBXGroup;
			children = (
				9E5B973C2907179B0035E512 /* Extensions */,
				9EEFCC802819E55000CE85C8 /* CustomEnvironmentKeys.swift */,
				9EF5F49F281B0EE800310EFC /* GifImage.swift */,
			);
			path = utils;
			sourceTree = "<group>";
		};
/* End PBXGroup section */

/* Begin PBXNativeTarget section */
		9EDB2E152815E0000068F325 /* Portfolio */ = {
			isa = PBXNativeTarget;
			buildConfigurationList = 9EDB2E3F2815E0020068F325 /* Build configuration list for PBXNativeTarget "Portfolio" */;
			buildPhases = (
				9EDB2E122815E0000068F325 /* Sources */,
				9EDB2E132815E0000068F325 /* Frameworks */,
				9EDB2E142815E0000068F325 /* Resources */,
			);
			buildRules = (
			);
			dependencies = (
			);
			name = Portfolio;
			packageProductDependencies = (
				9EF5F49B281AC84100310EFC /* Kingfisher */,
			);
			productName = Portfolio;
			productReference = 9EDB2E162815E0000068F325 /* Portfolio.app */;
			productType = "com.apple.product-type.application";
		};
		9EDB2E2A2815E0020068F325 /* PortfolioTests */ = {
			isa = PBXNativeTarget;
			buildConfigurationList = 9EDB2E422815E0020068F325 /* Build configuration list for PBXNativeTarget "PortfolioTests" */;
			buildPhases = (
				9EDB2E272815E0020068F325 /* Sources */,
				9EDB2E282815E0020068F325 /* Frameworks */,
				9EDB2E292815E0020068F325 /* Resources */,
			);
			buildRules = (
			);
			dependencies = (
				9EDB2E2D2815E0020068F325 /* PBXTargetDependency */,
			);
			name = PortfolioTests;
			productName = PortfolioTests;
			productReference = 9EDB2E2B2815E0020068F325 /* PortfolioTests.xctest */;
			productType = "com.apple.product-type.bundle.unit-test";
		};
		9EDB2E342815E0020068F325 /* PortfolioUITests */ = {
			isa = PBXNativeTarget;
			buildConfigurationList = 9EDB2E452815E0020068F325 /* Build configuration list for PBXNativeTarget "PortfolioUITests" */;
			buildPhases = (
				9EDB2E312815E0020068F325 /* Sources */,
				9EDB2E322815E0020068F325 /* Frameworks */,
				9EDB2E332815E0020068F325 /* Resources */,
			);
			buildRules = (
			);
			dependencies = (
				9EDB2E372815E0020068F325 /* PBXTargetDependency */,
			);
			name = PortfolioUITests;
			productName = PortfolioUITests;
			productReference = 9EDB2E352815E0020068F325 /* PortfolioUITests.xctest */;
			productType = "com.apple.product-type.bundle.ui-testing";
		};
/* End PBXNativeTarget section */

/* Begin PBXProject section */
		9EDB2E0E2815E0000068F325 /* Project object */ = {
			isa = PBXProject;
			attributes = {
				BuildIndependentTargetsInParallel = 1;
				LastSwiftUpdateCheck = 1330;
				LastUpgradeCheck = 1330;
				TargetAttributes = {
					9EDB2E152815E0000068F325 = {
						CreatedOnToolsVersion = 13.3.1;
					};
					9EDB2E2A2815E0020068F325 = {
						CreatedOnToolsVersion = 13.3.1;
						TestTargetID = 9EDB2E152815E0000068F325;
					};
					9EDB2E342815E0020068F325 = {
						CreatedOnToolsVersion = 13.3.1;
						TestTargetID = 9EDB2E152815E0000068F325;
					};
				};
			};
			buildConfigurationList = 9EDB2E112815E0000068F325 /* Build configuration list for PBXProject "Portfolio" */;
			compatibilityVersion = "Xcode 13.0";
			developmentRegion = en;
			hasScannedForEncodings = 0;
			knownRegions = (
				en,
				Base,
			);
			mainGroup = 9EDB2E0D2815E0000068F325;
			packageReferences = (
				9EF5F49A281AC84100310EFC /* XCRemoteSwiftPackageReference "Kingfisher" */,
			);
			productRefGroup = 9EDB2E172815E0000068F325 /* Products */;
			projectDirPath = "";
			projectRoot = "";
			targets = (
				9EDB2E152815E0000068F325 /* Portfolio */,
				9EDB2E2A2815E0020068F325 /* PortfolioTests */,
				9EDB2E342815E0020068F325 /* PortfolioUITests */,
			);
		};
/* End PBXProject section */

/* Begin PBXResourcesBuildPhase section */
		9EDB2E142815E0000068F325 /* Resources */ = {
			isa = PBXResourcesBuildPhase;
			buildActionMask = 2147483647;
			files = (
				9EDB2E5A2815E8900068F325 /* icons8-swiftui-50(@1x).png in Resources */,
				9EDB2E582815E8900068F325 /* icons8-swiftui-150(@3x).png in Resources */,
				9EDB2E212815E0020068F325 /* Preview Assets.xcassets in Resources */,
				9EE328E2294DF6E8004AF53C /* codemagic.yaml in Resources */,
				9EDB2E592815E8900068F325 /* icons8-swiftui-100(@2x).png in Resources */,
				9EC45A03281B38B200C42918 /* Assets.xcassets in Resources */,
			);
			runOnlyForDeploymentPostprocessing = 0;
		};
		9EDB2E292815E0020068F325 /* Resources */ = {
			isa = PBXResourcesBuildPhase;
			buildActionMask = 2147483647;
			files = (
			);
			runOnlyForDeploymentPostprocessing = 0;
		};
		9EDB2E332815E0020068F325 /* Resources */ = {
			isa = PBXResourcesBuildPhase;
			buildActionMask = 2147483647;
			files = (
			);
			runOnlyForDeploymentPostprocessing = 0;
		};
/* End PBXResourcesBuildPhase section */

/* Begin PBXSourcesBuildPhase section */
		9EDB2E122815E0000068F325 /* Sources */ = {
			isa = PBXSourcesBuildPhase;
			buildActionMask = 2147483647;
			files = (
				9EDB2E642815FCA10068F325 /* SkillsView.swift in Sources */,
				9EDB2E262815E0020068F325 /* Portfolio.xcdatamodeld in Sources */,
				9EC45A0B281B4C0D00C42918 /* ProjectDescriptionBodyView.swift in Sources */,
				9EDB2E232815E0020068F325 /* Persistence.swift in Sources */,
				9EF5F4A0281B0EE800310EFC /* GifImage.swift in Sources */,
				9E5B973E290717BC0035E512 /* Color.swift in Sources */,
				9EDB2E622815F8B90068F325 /* SkillView.swift in Sources */,
				9EDB2E68281625FB0068F325 /* ExperiencesView.swift in Sources */,
				9EDB2E4C2815E17E0068F325 /* Skill.swift in Sources */,
				9EC45A09281B491400C42918 /* ProjectDescriptionHeaderView.swift in Sources */,
				9EDB2E532815E6C90068F325 /* AppModel.swift in Sources */,
				9EDB2E502815E6130068F325 /* Portfolio.swift in Sources */,
				9EC45A07281B47D900C42918 /* ProjectDescriptionView.swift in Sources */,
				9E18B0D62816D40300B95251 /* Project.swift in Sources */,
				9EDB2E602815F0730068F325 /* HeaderView.swift in Sources */,
				9EEFCC812819E55000CE85C8 /* CustomEnvironmentKeys.swift in Sources */,
				9EDB2E4E2815E5190068F325 /* Experience.swift in Sources */,
				9EDB2E1C2815E0000068F325 /* ContentView.swift in Sources */,
				9EDB2E5E2815EE400068F325 /* PortfolioView.swift in Sources */,
				9EDB2E1A2815E0000068F325 /* PortfolioApp.swift in Sources */,
				9E4B653A281E18AB0071CC53 /* AppThemeViewModel.swift in Sources */,
				9E18B0D82816D49100B95251 /* ProjectView.swift in Sources */,
				9EDB2E66281610430068F325 /* ExperienceView.swift in Sources */,
				9E18B0DA2816D94600B95251 /* ProjectsView.swift in Sources */,
			);
			runOnlyForDeploymentPostprocessing = 0;
		};
		9EDB2E272815E0020068F325 /* Sources */ = {
			isa = PBXSourcesBuildPhase;
			buildActionMask = 2147483647;
			files = (
				9EDB2E302815E0020068F325 /* PortfolioTests.swift in Sources */,
			);
			runOnlyForDeploymentPostprocessing = 0;
		};
		9EDB2E312815E0020068F325 /* Sources */ = {
			isa = PBXSourcesBuildPhase;
			buildActionMask = 2147483647;
			files = (
				9EDB2E3A2815E0020068F325 /* PortfolioUITests.swift in Sources */,
				9EDB2E3C2815E0020068F325 /* PortfolioUITestsLaunchTests.swift in Sources */,
			);
			runOnlyForDeploymentPostprocessing = 0;
		};
/* End PBXSourcesBuildPhase section */

/* Begin PBXTargetDependency section */
		9EDB2E2D2815E0020068F325 /* PBXTargetDependency */ = {
			isa = PBXTargetDependency;
			target = 9EDB2E152815E0000068F325 /* Portfolio */;
			targetProxy = 9EDB2E2C2815E0020068F325 /* PBXContainerItemProxy */;
		};
		9EDB2E372815E0020068F325 /* PBXTargetDependency */ = {
			isa = PBXTargetDependency;
			target = 9EDB2E152815E0000068F325 /* Portfolio */;
			targetProxy = 9EDB2E362815E0020068F325 /* PBXContainerItemProxy */;
		};
/* End PBXTargetDependency section */

/* Begin XCBuildConfiguration section */
		9EDB2E3D2815E0020068F325 /* Debug */ = {
			isa = XCBuildConfiguration;
			buildSettings = {
				ALWAYS_SEARCH_USER_PATHS = NO;
				CLANG_ANALYZER_NONNULL = YES;
				CLANG_ANALYZER_NUMBER_OBJECT_CONVERSION = YES_AGGRESSIVE;
				CLANG_CXX_LANGUAGE_STANDARD = "gnu++17";
				CLANG_ENABLE_MODULES = YES;
				CLANG_ENABLE_OBJC_ARC = YES;
				CLANG_ENABLE_OBJC_WEAK = YES;
				CLANG_WARN_BLOCK_CAPTURE_AUTORELEASING = YES;
				CLANG_WARN_BOOL_CONVERSION = YES;
				CLANG_WARN_COMMA = YES;
				CLANG_WARN_CONSTANT_CONVERSION = YES;
				CLANG_WARN_DEPRECATED_OBJC_IMPLEMENTATIONS = YES;
				CLANG_WARN_DIRECT_OBJC_ISA_USAGE = YES_ERROR;
				CLANG_WARN_DOCUMENTATION_COMMENTS = YES;
				CLANG_WARN_EMPTY_BODY = YES;
				CLANG_WARN_ENUM_CONVERSION = YES;
				CLANG_WARN_INFINITE_RECURSION = YES;
				CLANG_WARN_INT_CONVERSION = YES;
				CLANG_WARN_NON_LITERAL_NULL_CONVERSION = YES;
				CLANG_WARN_OBJC_IMPLICIT_RETAIN_SELF = YES;
				CLANG_WARN_OBJC_LITERAL_CONVERSION = YES;
				CLANG_WARN_OBJC_ROOT_CLASS = YES_ERROR;
				CLANG_WARN_QUOTED_INCLUDE_IN_FRAMEWORK_HEADER = YES;
				CLANG_WARN_RANGE_LOOP_ANALYSIS = YES;
				CLANG_WARN_STRICT_PROTOTYPES = YES;
				CLANG_WARN_SUSPICIOUS_MOVE = YES;
				CLANG_WARN_UNGUARDED_AVAILABILITY = YES_AGGRESSIVE;
				CLANG_WARN_UNREACHABLE_CODE = YES;
				CLANG_WARN__DUPLICATE_METHOD_MATCH = YES;
				COPY_PHASE_STRIP = NO;
				DEBUG_INFORMATION_FORMAT = dwarf;
				ENABLE_STRICT_OBJC_MSGSEND = YES;
				ENABLE_TESTABILITY = YES;
				GCC_C_LANGUAGE_STANDARD = gnu11;
				GCC_DYNAMIC_NO_PIC = NO;
				GCC_NO_COMMON_BLOCKS = YES;
				GCC_OPTIMIZATION_LEVEL = 0;
				GCC_PREPROCESSOR_DEFINITIONS = (
					"DEBUG=1",
					"$(inherited)",
				);
				GCC_WARN_64_TO_32_BIT_CONVERSION = YES;
				GCC_WARN_ABOUT_RETURN_TYPE = YES_ERROR;
				GCC_WARN_UNDECLARED_SELECTOR = YES;
				GCC_WARN_UNINITIALIZED_AUTOS = YES_AGGRESSIVE;
				GCC_WARN_UNUSED_FUNCTION = YES;
				GCC_WARN_UNUSED_VARIABLE = YES;
				IPHONEOS_DEPLOYMENT_TARGET = 15.4;
				MTL_ENABLE_DEBUG_INFO = INCLUDE_SOURCE;
				MTL_FAST_MATH = YES;
				ONLY_ACTIVE_ARCH = YES;
				SDKROOT = iphoneos;
				SWIFT_ACTIVE_COMPILATION_CONDITIONS = DEBUG;
				SWIFT_OPTIMIZATION_LEVEL = "-Onone";
			};
			name = Debug;
		};
		9EDB2E3E2815E0020068F325 /* Release */ = {
			isa = XCBuildConfiguration;
			buildSettings = {
				ALWAYS_SEARCH_USER_PATHS = NO;
				CLANG_ANALYZER_NONNULL = YES;
				CLANG_ANALYZER_NUMBER_OBJECT_CONVERSION = YES_AGGRESSIVE;
				CLANG_CXX_LANGUAGE_STANDARD = "gnu++17";
				CLANG_ENABLE_MODULES = YES;
				CLANG_ENABLE_OBJC_ARC = YES;
				CLANG_ENABLE_OBJC_WEAK = YES;
				CLANG_WARN_BLOCK_CAPTURE_AUTORELEASING = YES;
				CLANG_WARN_BOOL_CONVERSION = YES;
				CLANG_WARN_COMMA = YES;
				CLANG_WARN_CONSTANT_CONVERSION = YES;
				CLANG_WARN_DEPRECATED_OBJC_IMPLEMENTATIONS = YES;
				CLANG_WARN_DIRECT_OBJC_ISA_USAGE = YES_ERROR;
				CLANG_WARN_DOCUMENTATION_COMMENTS = YES;
				CLANG_WARN_EMPTY_BODY = YES;
				CLANG_WARN_ENUM_CONVERSION = YES;
				CLANG_WARN_INFINITE_RECURSION = YES;
				CLANG_WARN_INT_CONVERSION = YES;
				CLANG_WARN_NON_LITERAL_NULL_CONVERSION = YES;
				CLANG_WARN_OBJC_IMPLICIT_RETAIN_SELF = YES;
				CLANG_WARN_OBJC_LITERAL_CONVERSION = YES;
				CLANG_WARN_OBJC_ROOT_CLASS = YES_ERROR;
				CLANG_WARN_QUOTED_INCLUDE_IN_FRAMEWORK_HEADER = YES;
				CLANG_WARN_RANGE_LOOP_ANALYSIS = YES;
				CLANG_WARN_STRICT_PROTOTYPES = YES;
				CLANG_WARN_SUSPICIOUS_MOVE = YES;
				CLANG_WARN_UNGUARDED_AVAILABILITY = YES_AGGRESSIVE;
				CLANG_WARN_UNREACHABLE_CODE = YES;
				CLANG_WARN__DUPLICATE_METHOD_MATCH = YES;
				COPY_PHASE_STRIP = NO;
				DEBUG_INFORMATION_FORMAT = "dwarf-with-dsym";
				ENABLE_NS_ASSERTIONS = NO;
				ENABLE_STRICT_OBJC_MSGSEND = YES;
				GCC_C_LANGUAGE_STANDARD = gnu11;
				GCC_NO_COMMON_BLOCKS = YES;
				GCC_WARN_64_TO_32_BIT_CONVERSION = YES;
				GCC_WARN_ABOUT_RETURN_TYPE = YES_ERROR;
				GCC_WARN_UNDECLARED_SELECTOR = YES;
				GCC_WARN_UNINITIALIZED_AUTOS = YES_AGGRESSIVE;
				GCC_WARN_UNUSED_FUNCTION = YES;
				GCC_WARN_UNUSED_VARIABLE = YES;
				IPHONEOS_DEPLOYMENT_TARGET = 15.4;
				MTL_ENABLE_DEBUG_INFO = NO;
				MTL_FAST_MATH = YES;
				SDKROOT = iphoneos;
				SWIFT_COMPILATION_MODE = wholemodule;
				SWIFT_OPTIMIZATION_LEVEL = "-O";
				VALIDATE_PRODUCT = YES;
			};
			name = Release;
		};
		9EDB2E402815E0020068F325 /* Debug */ = {
			isa = XCBuildConfiguration;
			buildSettings = {
				ASSETCATALOG_COMPILER_APPICON_NAME = AppIcon;
				ASSETCATALOG_COMPILER_GLOBAL_ACCENT_COLOR_NAME = AccentColor;
				CODE_SIGN_STYLE = Automatic;
				CURRENT_PROJECT_VERSION = 1;
				DEVELOPMENT_ASSET_PATHS = "\"Portfolio/Preview Content\"";
				DEVELOPMENT_TEAM = 8WHNXCK73W;
				ENABLE_PREVIEWS = YES;
				GENERATE_INFOPLIST_FILE = YES;
				INFOPLIST_KEY_UIApplicationSceneManifest_Generation = YES;
				INFOPLIST_KEY_UIApplicationSupportsIndirectInputEvents = YES;
				INFOPLIST_KEY_UILaunchScreen_Generation = YES;
				INFOPLIST_KEY_UISupportedInterfaceOrientations_iPad = "UIInterfaceOrientationPortrait UIInterfaceOrientationPortraitUpsideDown UIInterfaceOrientationLandscapeLeft UIInterfaceOrientationLandscapeRight";
				INFOPLIST_KEY_UISupportedInterfaceOrientations_iPhone = "UIInterfaceOrientationPortrait UIInterfaceOrientationLandscapeLeft UIInterfaceOrientationLandscapeRight";
				LD_RUNPATH_SEARCH_PATHS = (
					"$(inherited)",
					"@executable_path/Frameworks",
				);
				MARKETING_VERSION = 1.1;
				PRODUCT_BUNDLE_IDENTIFIER = agmcoder.Portfolio;
				PRODUCT_NAME = "$(TARGET_NAME)";
				SWIFT_EMIT_LOC_STRINGS = YES;
				SWIFT_VERSION = 5.0;
				TARGETED_DEVICE_FAMILY = "1,2";
			};
			name = Debug;
		};
		9EDB2E412815E0020068F325 /* Release */ = {
			isa = XCBuildConfiguration;
			buildSettings = {
				ASSETCATALOG_COMPILER_APPICON_NAME = AppIcon;
				ASSETCATALOG_COMPILER_GLOBAL_ACCENT_COLOR_NAME = AccentColor;
				CODE_SIGN_STYLE = Automatic;
				CURRENT_PROJECT_VERSION = 1;
				DEVELOPMENT_ASSET_PATHS = "\"Portfolio/Preview Content\"";
				DEVELOPMENT_TEAM = 8WHNXCK73W;
				ENABLE_PREVIEWS = YES;
				GENERATE_INFOPLIST_FILE = YES;
				INFOPLIST_KEY_UIApplicationSceneManifest_Generation = YES;
				INFOPLIST_KEY_UIApplicationSupportsIndirectInputEvents = YES;
				INFOPLIST_KEY_UILaunchScreen_Generation = YES;
				INFOPLIST_KEY_UISupportedInterfaceOrientations_iPad = "UIInterfaceOrientationPortrait UIInterfaceOrientationPortraitUpsideDown UIInterfaceOrientationLandscapeLeft UIInterfaceOrientationLandscapeRight";
				INFOPLIST_KEY_UISupportedInterfaceOrientations_iPhone = "UIInterfaceOrientationPortrait UIInterfaceOrientationLandscapeLeft UIInterfaceOrientationLandscapeRight";
				LD_RUNPATH_SEARCH_PATHS = (
					"$(inherited)",
					"@executable_path/Frameworks",
				);
				MARKETING_VERSION = 1.1;
				PRODUCT_BUNDLE_IDENTIFIER = agmcoder.Portfolio;
				PRODUCT_NAME = "$(TARGET_NAME)";
				SWIFT_EMIT_LOC_STRINGS = YES;
				SWIFT_VERSION = 5.0;
				TARGETED_DEVICE_FAMILY = "1,2";
			};
			name = Release;
		};
		9EDB2E432815E0020068F325 /* Debug */ = {
			isa = XCBuildConfiguration;
			buildSettings = {
				ALWAYS_EMBED_SWIFT_STANDARD_LIBRARIES = YES;
				BUNDLE_LOADER = "$(TEST_HOST)";
				CODE_SIGN_STYLE = Automatic;
				CURRENT_PROJECT_VERSION = 1;
				DEVELOPMENT_TEAM = 8WHNXCK73W;
				GENERATE_INFOPLIST_FILE = YES;
				IPHONEOS_DEPLOYMENT_TARGET = 15.4;
				MARKETING_VERSION = 1.0;
				PRODUCT_BUNDLE_IDENTIFIER = agmcoder.PortfolioTests;
				PRODUCT_NAME = "$(TARGET_NAME)";
				SWIFT_EMIT_LOC_STRINGS = NO;
				SWIFT_VERSION = 5.0;
				TARGETED_DEVICE_FAMILY = "1,2";
				TEST_HOST = "$(BUILT_PRODUCTS_DIR)/Portfolio.app/Portfolio";
			};
			name = Debug;
		};
		9EDB2E442815E0020068F325 /* Release */ = {
			isa = XCBuildConfiguration;
			buildSettings = {
				ALWAYS_EMBED_SWIFT_STANDARD_LIBRARIES = YES;
				BUNDLE_LOADER = "$(TEST_HOST)";
				CODE_SIGN_STYLE = Automatic;
				CURRENT_PROJECT_VERSION = 1;
				DEVELOPMENT_TEAM = 8WHNXCK73W;
				GENERATE_INFOPLIST_FILE = YES;
				IPHONEOS_DEPLOYMENT_TARGET = 15.4;
				MARKETING_VERSION = 1.0;
				PRODUCT_BUNDLE_IDENTIFIER = agmcoder.PortfolioTests;
				PRODUCT_NAME = "$(TARGET_NAME)";
				SWIFT_EMIT_LOC_STRINGS = NO;
				SWIFT_VERSION = 5.0;
				TARGETED_DEVICE_FAMILY = "1,2";
				TEST_HOST = "$(BUILT_PRODUCTS_DIR)/Portfolio.app/Portfolio";
			};
			name = Release;
		};
		9EDB2E462815E0020068F325 /* Debug */ = {
			isa = XCBuildConfiguration;
			buildSettings = {
				ALWAYS_EMBED_SWIFT_STANDARD_LIBRARIES = YES;
				CODE_SIGN_STYLE = Automatic;
				CURRENT_PROJECT_VERSION = 1;
				DEVELOPMENT_TEAM = 8WHNXCK73W;
				GENERATE_INFOPLIST_FILE = YES;
				MARKETING_VERSION = 1.0;
				PRODUCT_BUNDLE_IDENTIFIER = agmcoder.PortfolioUITests;
				PRODUCT_NAME = "$(TARGET_NAME)";
				SWIFT_EMIT_LOC_STRINGS = NO;
				SWIFT_VERSION = 5.0;
				TARGETED_DEVICE_FAMILY = "1,2";
				TEST_TARGET_NAME = Portfolio;
			};
			name = Debug;
		};
		9EDB2E472815E0020068F325 /* Release */ = {
			isa = XCBuildConfiguration;
			buildSettings = {
				ALWAYS_EMBED_SWIFT_STANDARD_LIBRARIES = YES;
				CODE_SIGN_STYLE = Automatic;
				CURRENT_PROJECT_VERSION = 1;
				DEVELOPMENT_TEAM = 8WHNXCK73W;
				GENERATE_INFOPLIST_FILE = YES;
				MARKETING_VERSION = 1.0;
				PRODUCT_BUNDLE_IDENTIFIER = agmcoder.PortfolioUITests;
				PRODUCT_NAME = "$(TARGET_NAME)";
				SWIFT_EMIT_LOC_STRINGS = NO;
				SWIFT_VERSION = 5.0;
				TARGETED_DEVICE_FAMILY = "1,2";
				TEST_TARGET_NAME = Portfolio;
			};
			name = Release;
		};
/* End XCBuildConfiguration section */

/* Begin XCConfigurationList section */
		9EDB2E112815E0000068F325 /* Build configuration list for PBXProject "Portfolio" */ = {
			isa = XCConfigurationList;
			buildConfigurations = (
				9EDB2E3D2815E0020068F325 /* Debug */,
				9EDB2E3E2815E0020068F325 /* Release */,
			);
			defaultConfigurationIsVisible = 0;
			defaultConfigurationName = Release;
		};
		9EDB2E3F2815E0020068F325 /* Build configuration list for PBXNativeTarget "Portfolio" */ = {
			isa = XCConfigurationList;
			buildConfigurations = (
				9EDB2E402815E0020068F325 /* Debug */,
				9EDB2E412815E0020068F325 /* Release */,
			);
			defaultConfigurationIsVisible = 0;
			defaultConfigurationName = Release;
		};
		9EDB2E422815E0020068F325 /* Build configuration list for PBXNativeTarget "PortfolioTests" */ = {
			isa = XCConfigurationList;
			buildConfigurations = (
				9EDB2E432815E0020068F325 /* Debug */,
				9EDB2E442815E0020068F325 /* Release */,
			);
			defaultConfigurationIsVisible = 0;
			defaultConfigurationName = Release;
		};
		9EDB2E452815E0020068F325 /* Build configuration list for PBXNativeTarget "PortfolioUITests" */ = {
			isa = XCConfigurationList;
			buildConfigurations = (
				9EDB2E462815E0020068F325 /* Debug */,
				9EDB2E472815E0020068F325 /* Release */,
			);
			defaultConfigurationIsVisible = 0;
			defaultConfigurationName = Release;
		};
/* End XCConfigurationList section */

/* Begin XCRemoteSwiftPackageReference section */
		9EF5F49A281AC84100310EFC /* XCRemoteSwiftPackageReference "Kingfisher" */ = {
			isa = XCRemoteSwiftPackageReference;
			repositoryURL = "https://github.com/onevcat/Kingfisher";
			requirement = {
				kind = upToNextMajorVersion;
				minimumVersion = 7.0.0;
			};
		};
/* End XCRemoteSwiftPackageReference section */

/* Begin XCSwiftPackageProductDependency section */
		9EF5F49B281AC84100310EFC /* Kingfisher */ = {
			isa = XCSwiftPackageProductDependency;
			package = 9EF5F49A281AC84100310EFC /* XCRemoteSwiftPackageReference "Kingfisher" */;
			productName = Kingfisher;
		};
/* End XCSwiftPackageProductDependency section */

/* Begin XCVersionGroup section */
		9EDB2E242815E0020068F325 /* Portfolio.xcdatamodeld */ = {
			isa = XCVersionGroup;
			children = (
				9EDB2E252815E0020068F325 /* Portfolio.xcdatamodel */,
			);
			currentVersion = 9EDB2E252815E0020068F325 /* Portfolio.xcdatamodel */;
			path = Portfolio.xcdatamodeld;
			sourceTree = "<group>";
			versionGroupType = wrapper.xcdatamodel;
		};
/* End XCVersionGroup section */
	};
	rootObject = 9EDB2E0E2815E0000068F325 /* Project object */;
}
